{
  "name": "korean-district-polygonization",
  "version": "0.0.1",
  "lockfileVersion": 3,
  "requires": true,
  "packages": {
    "": {
      "name": "korean-district-polygonization",
      "version": "0.0.1",
      "license": "MIT",
      "dependencies": {
        "polygon-clipping": "^0.15.3"
      }
    },
    "node_modules/polygon-clipping": {
      "version": "0.15.3",
      "resolved": "https://registry.npmjs.org/polygon-clipping/-/polygon-clipping-0.15.3.tgz",
      "integrity": "sha512-ho0Xx5DLkgxRx/+n4O74XyJ67DcyN3Tu9bGYKsnTukGAW6ssnuak6Mwcyb1wHy9MZc9xsUWqIoiazkZB5weECg==",
      "dependencies": {
        "splaytree": "^3.1.0"
      }
    },
    "node_modules/splaytree": {
      "version": "3.1.2",
      "resolved": "https://registry.npmjs.org/splaytree/-/splaytree-3.1.2.tgz",
      "integrity": "sha512-4OM2BJgC5UzrhVnnJA4BkHKGtjXNzzUfpQjCO8I05xYPsfS/VuQDwjCGGMi8rYQilHEV4j8NBqTFbls/PZEE7A=="
    }
  }
}
